{
  "nodes": {
    "nixpkgs": {
      "locked": {
        "lastModified": 1774709303,
        "narHash": "sha256-D3Q07BbIA2KnTcSXIqqu9P586uWxN74zNoCH3h2ESHg=",
        "owner": "NixOS",
        "repo": "nixpkgs",
        "rev": "8110df5ad7abf5d4c0f6fb0f8f978390e77f9685",
        "type": "github"
      },
      "original": {
        "owner": "NixOS",
        "ref": "nixos-unstable",
        "repo": "nixpkgs",
        "type": "github"
      }
    },
    "oofcanvas": {
      "inputs": {
        "nixpkgs": [
          "nixpkgs"
        ]
      },
      "locked": {
        "lastModified": 1774984364,
        "narHash": "sha256-SlAzSv0+BEihloI5vWMYWWZF4093P1q9FhrNDkB0bsk=",
        "ref": "nix",
        "rev": "fe4e1b2c09ad6b2094858be239014cfea61b3ad8",
        "revCount": 502,
        "type": "git",
        "url": "ssh://git@gitlab.nist.gov/john.bonini/oofcanvas.git"
      },
      "original": {
        "ref": "nix",
        "type": "git",
        "url": "ssh://git@gitlab.nist.gov/john.bonini/oofcanvas.git"
      }
    },
    "root": {
      "inputs": {
        "nixpkgs": "nixpkgs",
        "oofcanvas": "oofcanvas"
      }
    }
  },
  "root": "root",
  "version": 7
}
