{
  "nodes": {
    "nixpkgs": {
      "locked": {
        "lastModified": 1789684949,
        "narHash": "sha256-ZKhUe/2IJUq1JhKxKMu8rbkgSGmPP2ZCqlIPn40aGCM=",
        "owner": "NixOS",
        "repo": "nixpkgs",
        "rev": "e554fab72f81915600f3f449b786fd9af40439a5",
        "type": "github"
      },
      "original": {
        "owner": "NixOS",
        "ref": "nixos-unstable",
        "repo": "nixpkgs",
        "type": "github"
      }
    },
    "oofcanvas": {
      "inputs": {
        "nixpkgs": [
          "nixpkgs"
        ]
      },
      "locked": {
        "lastModified": 1789743022,
        "narHash": "sha256-AphqEhtbbzuZfWxc47tH8Br6U860z705H8cUs8zkxZE=",
        "owner": "jrbp",
        "repo": "oofcanvas",
        "rev": "577ee4a8ef85f634b1c07fe1bd4d4c40e2d2f580",
        "type": "github"
      },
      "original": {
        "owner": "jrbp",
        "ref": "nix",
        "repo": "oofcanvas",
        "type": "github"
      }
    },
    "root": {
      "inputs": {
        "nixpkgs": "nixpkgs",
        "oofcanvas": "oofcanvas"
      }
    }
  },
  "root": "root",
  "version": 7
}
